
Microsoft Visual Studio Solution File, Format Version 12.00
# Visual Studio Version 16
VisualStudioVersion = 16.0.28729.10
MinimumVisualStudioVersion = 10.0.40219.1
Project("{FAE04EC0-301F-11D3-BF4B-00C04F79EFBC}") = "XCommon", "XCommon\XCommon.csproj", "{E6D16640-E5D4-4462-896C-E035326C6D9A}"
EndProject
Project("{FAE04EC0-301F-11D3-BF4B-00C04F79EFBC}") = "DBLibrary", "DBLibrary\DBLibrary.csproj", "{BBBE9550-9A36-444D-ABC5-F59BF8FA1461}"
EndProject
Project("{FAE04EC0-301F-11D3-BF4B-00C04F79EFBC}") = "AppConfigLibrary", "AppConfigLibrary\AppConfigLibrary.csproj", "{20F6A341-7DC3-4F07-A01D-83E146A38F85}"
EndProject
Project("{FAE04EC0-301F-11D3-BF4B-00C04F79EFBC}") = "ExcelLibrary", "ExcelLibrary\ExcelLibrary.csproj", "{12F6E4BE-0F96-4BD2-9328-DAEBD17A35F0}"
EndProject
Project("{FAE04EC0-301F-11D3-BF4B-00C04F79EFBC}") = "ProcessLibrary", "ProcessLibrary\ProcessLibrary.csproj", "{0E1F1C11-F1F2-431F-9998-7370A568A246}"
EndProject
Project("{FAE04EC0-301F-11D3-BF4B-00C04F79EFBC}") = "FtpLibrary", "FtpLibrary\FtpLibrary.csproj", "{D2460008-7FE9-4718-92F2-8F7324690155}"
EndProject
Project("{FAE04EC0-301F-11D3-BF4B-00C04F79EFBC}") = "ThreadLibrary", "ThreadLibrary\ThreadLibrary.csproj", "{E02450A2-4B43-4F2A-A7FC-1DBCFAB803B0}"
EndProject
Project("{FAE04EC0-301F-11D3-BF4B-00C04F79EFBC}") = "PipeLibrary", "PipeLibrary\PipeLibrary.csproj", "{B30C69CB-6776-42B3-B323-44FB103F1997}"
EndProject
Project("{FAE04EC0-301F-11D3-BF4B-00C04F79EFBC}") = "TestWinForm", "TestWinForm\TestWinForm.csproj", "{36CF515A-BB88-44CA-8FEC-59186036CDAB}"
EndProject
Project("{FAE04EC0-301F-11D3-BF4B-00C04F79EFBC}") = "WordLibrary", "WordLibrary\WordLibrary.csproj", "{126B0DEC-ADE3-47A1-8146-13D835EED107}"
EndProject
Project("{FAE04EC0-301F-11D3-BF4B-00C04F79EFBC}") = "Client", "Client\Client.csproj", "{64AC0FF7-2E6C-4AE8-AE4C-CAFFA97AE947}"
EndProject
Project("{FAE04EC0-301F-11D3-BF4B-00C04F79EFBC}") = "Server", "Server\Server.csproj", "{334D41F8-A1A4-4B08-8463-2BF1A804EF6E}"
EndProject
Project("{FAE04EC0-301F-11D3-BF4B-00C04F79EFBC}") = "NPOILibrary", "NPOILibrary\NPOILibrary.csproj", "{A27AB06D-399C-4338-AB1D-B74757C492C0}"
EndProject
Project("{FAE04EC0-301F-11D3-BF4B-00C04F79EFBC}") = "SerializeLibrary", "SerializeLibrary\SerializeLibrary.csproj", "{46B3FFBE-7913-4069-B5DB-DC93DC45AB8C}"
EndProject
Project("{FAE04EC0-301F-11D3-BF4B-00C04F79EFBC}") = "RegexLibrary", "RegexLibrary\RegexLibrary.csproj", "{3735F590-0A1E-48A1-BB1F-4ADDA921493C}"
EndProject
Project("{FAE04EC0-301F-11D3-BF4B-00C04F79EFBC}") = "SystemIOLibrary", "SystemIOLibrary\SystemIOLibrary.csproj", "{2E4C3AB1-87EB-4900-A6D1-FC3AE6008D6F}"
EndProject
Project("{FAE04EC0-301F-11D3-BF4B-00C04F79EFBC}") = "RegistryKeyLibrary", "RegistryKeyLibrary\RegistryKeyLibrary.csproj", "{22FE2B69-ACE6-45AB-B7EC-02DB8DF4D037}"
EndProject
Project("{FAE04EC0-301F-11D3-BF4B-00C04F79EFBC}") = "UtilityLibrary", "UtilityLibrary\UtilityLibrary.csproj", "{25BCF667-0F7E-4D55-8E2D-3005A3FAD7FC}"
EndProject
Project("{FAE04EC0-301F-11D3-BF4B-00C04F79EFBC}") = "ZipLibrary", "ZipLibrary\ZipLibrary.csproj", "{C7BD0275-DFF4-48E7-AE69-B6296E71BF60}"
EndProject
Project("{FAE04EC0-301F-11D3-BF4B-00C04F79EFBC}") = "WebLibrary", "WebLibrary\WebLibrary.csproj", "{83E8D18B-D59C-4CBC-BE7D-254E04437282}"
EndProject
Project("{FAE04EC0-301F-11D3-BF4B-00C04F79EFBC}") = "RabbitMQLibrary", "RabbitMQLibrary\RabbitMQLibrary.csproj", "{5A3E27B7-7665-4D1B-A189-2FE28139B105}"
EndProject
Project("{FAE04EC0-301F-11D3-BF4B-00C04F79EFBC}") = "SocketLibrary", "SocketLibrary\SocketLibrary.csproj", "{754530DF-DBAD-4F08-8F40-E3F5156AB514}"
EndProject
Project("{FAE04EC0-301F-11D3-BF4B-00C04F79EFBC}") = "QuickZipLibrary", "QuickZipLibrary\QuickZipLibrary.csproj", "{108EF717-7AA0-4445-A0D0-EFEC22ED4214}"
EndProject
Project("{FAE04EC0-301F-11D3-BF4B-00C04F79EFBC}") = "EmailLibrary", "EmailLibrary\EmailLibrary.csproj", "{CE482633-91AC-45F1-8508-79883ED188EA}"
EndProject
Project("{FAE04EC0-301F-11D3-BF4B-00C04F79EFBC}") = "AutoUpdate", "..\..\三一桩机\SANY_WINFORM20200802\SANY_WINFORM\AutoUpdate\AutoUpdate.csproj", "{EC7CA710-5E79-4C81-AA02-D9049428EC0B}"
EndProject
Global
	GlobalSection(SolutionConfigurationPlatforms) = preSolution
		Debug|Any CPU = Debug|Any CPU
		Debug|x86 = Debug|x86
		Release|Any CPU = Release|Any CPU
		Release|x86 = Release|x86
	EndGlobalSection
	GlobalSection(ProjectConfigurationPlatforms) = postSolution
		{E6D16640-E5D4-4462-896C-E035326C6D9A}.Debug|Any CPU.ActiveCfg = Debug|Any CPU
		{E6D16640-E5D4-4462-896C-E035326C6D9A}.Debug|Any CPU.Build.0 = Debug|Any CPU
		{E6D16640-E5D4-4462-896C-E035326C6D9A}.Debug|x86.ActiveCfg = Debug|x86
		{E6D16640-E5D4-4462-896C-E035326C6D9A}.Debug|x86.Build.0 = Debug|x86
		{E6D16640-E5D4-4462-896C-E035326C6D9A}.Release|Any CPU.ActiveCfg = Release|Any CPU
		{E6D16640-E5D4-4462-896C-E035326C6D9A}.Release|Any CPU.Build.0 = Release|Any CPU
		{E6D16640-E5D4-4462-896C-E035326C6D9A}.Release|x86.ActiveCfg = Release|x86
		{E6D16640-E5D4-4462-896C-E035326C6D9A}.Release|x86.Build.0 = Release|x86
		{BBBE9550-9A36-444D-ABC5-F59BF8FA1461}.Debug|Any CPU.ActiveCfg = Debug|Any CPU
		{BBBE9550-9A36-444D-ABC5-F59BF8FA1461}.Debug|Any CPU.Build.0 = Debug|Any CPU
		{BBBE9550-9A36-444D-ABC5-F59BF8FA1461}.Debug|x86.ActiveCfg = Debug|Any CPU
		{BBBE9550-9A36-444D-ABC5-F59BF8FA1461}.Debug|x86.Build.0 = Debug|Any CPU
		{BBBE9550-9A36-444D-ABC5-F59BF8FA1461}.Release|Any CPU.ActiveCfg = Release|Any CPU
		{BBBE9550-9A36-444D-ABC5-F59BF8FA1461}.Release|Any CPU.Build.0 = Release|Any CPU
		{BBBE9550-9A36-444D-ABC5-F59BF8FA1461}.Release|x86.ActiveCfg = Release|Any CPU
		{BBBE9550-9A36-444D-ABC5-F59BF8FA1461}.Release|x86.Build.0 = Release|Any CPU
		{20F6A341-7DC3-4F07-A01D-83E146A38F85}.Debug|Any CPU.ActiveCfg = Debug|Any CPU
		{20F6A341-7DC3-4F07-A01D-83E146A38F85}.Debug|Any CPU.Build.0 = Debug|Any CPU
		{20F6A341-7DC3-4F07-A01D-83E146A38F85}.Debug|x86.ActiveCfg = Debug|Any CPU
		{20F6A341-7DC3-4F07-A01D-83E146A38F85}.Debug|x86.Build.0 = Debug|Any CPU
		{20F6A341-7DC3-4F07-A01D-83E146A38F85}.Release|Any CPU.ActiveCfg = Release|Any CPU
		{20F6A341-7DC3-4F07-A01D-83E146A38F85}.Release|Any CPU.Build.0 = Release|Any CPU
		{20F6A341-7DC3-4F07-A01D-83E146A38F85}.Release|x86.ActiveCfg = Release|Any CPU
		{20F6A341-7DC3-4F07-A01D-83E146A38F85}.Release|x86.Build.0 = Release|Any CPU
		{12F6E4BE-0F96-4BD2-9328-DAEBD17A35F0}.Debug|Any CPU.ActiveCfg = Debug|Any CPU
		{12F6E4BE-0F96-4BD2-9328-DAEBD17A35F0}.Debug|Any CPU.Build.0 = Debug|Any CPU
		{12F6E4BE-0F96-4BD2-9328-DAEBD17A35F0}.Debug|x86.ActiveCfg = Debug|Any CPU
		{12F6E4BE-0F96-4BD2-9328-DAEBD17A35F0}.Debug|x86.Build.0 = Debug|Any CPU
		{12F6E4BE-0F96-4BD2-9328-DAEBD17A35F0}.Release|Any CPU.ActiveCfg = Release|Any CPU
		{12F6E4BE-0F96-4BD2-9328-DAEBD17A35F0}.Release|Any CPU.Build.0 = Release|Any CPU
		{12F6E4BE-0F96-4BD2-9328-DAEBD17A35F0}.Release|x86.ActiveCfg = Release|Any CPU
		{12F6E4BE-0F96-4BD2-9328-DAEBD17A35F0}.Release|x86.Build.0 = Release|Any CPU
		{0E1F1C11-F1F2-431F-9998-7370A568A246}.Debug|Any CPU.ActiveCfg = Debug|Any CPU
		{0E1F1C11-F1F2-431F-9998-7370A568A246}.Debug|Any CPU.Build.0 = Debug|Any CPU
		{0E1F1C11-F1F2-431F-9998-7370A568A246}.Debug|x86.ActiveCfg = Debug|Any CPU
		{0E1F1C11-F1F2-431F-9998-7370A568A246}.Debug|x86.Build.0 = Debug|Any CPU
		{0E1F1C11-F1F2-431F-9998-7370A568A246}.Release|Any CPU.ActiveCfg = Release|Any CPU
		{0E1F1C11-F1F2-431F-9998-7370A568A246}.Release|Any CPU.Build.0 = Release|Any CPU
		{0E1F1C11-F1F2-431F-9998-7370A568A246}.Release|x86.ActiveCfg = Release|Any CPU
		{0E1F1C11-F1F2-431F-9998-7370A568A246}.Release|x86.Build.0 = Release|Any CPU
		{D2460008-7FE9-4718-92F2-8F7324690155}.Debug|Any CPU.ActiveCfg = Debug|Any CPU
		{D2460008-7FE9-4718-92F2-8F7324690155}.Debug|Any CPU.Build.0 = Debug|Any CPU
		{D2460008-7FE9-4718-92F2-8F7324690155}.Debug|x86.ActiveCfg = Debug|Any CPU
		{D2460008-7FE9-4718-92F2-8F7324690155}.Debug|x86.Build.0 = Debug|Any CPU
		{D2460008-7FE9-4718-92F2-8F7324690155}.Release|Any CPU.ActiveCfg = Release|Any CPU
		{D2460008-7FE9-4718-92F2-8F7324690155}.Release|Any CPU.Build.0 = Release|Any CPU
		{D2460008-7FE9-4718-92F2-8F7324690155}.Release|x86.ActiveCfg = Release|Any CPU
		{D2460008-7FE9-4718-92F2-8F7324690155}.Release|x86.Build.0 = Release|Any CPU
		{E02450A2-4B43-4F2A-A7FC-1DBCFAB803B0}.Debug|Any CPU.ActiveCfg = Debug|Any CPU
		{E02450A2-4B43-4F2A-A7FC-1DBCFAB803B0}.Debug|Any CPU.Build.0 = Debug|Any CPU
		{E02450A2-4B43-4F2A-A7FC-1DBCFAB803B0}.Debug|x86.ActiveCfg = Debug|Any CPU
		{E02450A2-4B43-4F2A-A7FC-1DBCFAB803B0}.Debug|x86.Build.0 = Debug|Any CPU
		{E02450A2-4B43-4F2A-A7FC-1DBCFAB803B0}.Release|Any CPU.ActiveCfg = Release|Any CPU
		{E02450A2-4B43-4F2A-A7FC-1DBCFAB803B0}.Release|Any CPU.Build.0 = Release|Any CPU
		{E02450A2-4B43-4F2A-A7FC-1DBCFAB803B0}.Release|x86.ActiveCfg = Release|Any CPU
		{E02450A2-4B43-4F2A-A7FC-1DBCFAB803B0}.Release|x86.Build.0 = Release|Any CPU
		{B30C69CB-6776-42B3-B323-44FB103F1997}.Debug|Any CPU.ActiveCfg = Debug|Any CPU
		{B30C69CB-6776-42B3-B323-44FB103F1997}.Debug|Any CPU.Build.0 = Debug|Any CPU
		{B30C69CB-6776-42B3-B323-44FB103F1997}.Debug|x86.ActiveCfg = Debug|Any CPU
		{B30C69CB-6776-42B3-B323-44FB103F1997}.Debug|x86.Build.0 = Debug|Any CPU
		{B30C69CB-6776-42B3-B323-44FB103F1997}.Release|Any CPU.ActiveCfg = Release|Any CPU
		{B30C69CB-6776-42B3-B323-44FB103F1997}.Release|Any CPU.Build.0 = Release|Any CPU
		{B30C69CB-6776-42B3-B323-44FB103F1997}.Release|x86.ActiveCfg = Release|Any CPU
		{B30C69CB-6776-42B3-B323-44FB103F1997}.Release|x86.Build.0 = Release|Any CPU
		{36CF515A-BB88-44CA-8FEC-59186036CDAB}.Debug|Any CPU.ActiveCfg = Debug|Any CPU
		{36CF515A-BB88-44CA-8FEC-59186036CDAB}.Debug|Any CPU.Build.0 = Debug|Any CPU
		{36CF515A-BB88-44CA-8FEC-59186036CDAB}.Debug|x86.ActiveCfg = Debug|Any CPU
		{36CF515A-BB88-44CA-8FEC-59186036CDAB}.Debug|x86.Build.0 = Debug|Any CPU
		{36CF515A-BB88-44CA-8FEC-59186036CDAB}.Release|Any CPU.ActiveCfg = Release|Any CPU
		{36CF515A-BB88-44CA-8FEC-59186036CDAB}.Release|Any CPU.Build.0 = Release|Any CPU
		{36CF515A-BB88-44CA-8FEC-59186036CDAB}.Release|x86.ActiveCfg = Release|Any CPU
		{36CF515A-BB88-44CA-8FEC-59186036CDAB}.Release|x86.Build.0 = Release|Any CPU
		{126B0DEC-ADE3-47A1-8146-13D835EED107}.Debug|Any CPU.ActiveCfg = Debug|Any CPU
		{126B0DEC-ADE3-47A1-8146-13D835EED107}.Debug|Any CPU.Build.0 = Debug|Any CPU
		{126B0DEC-ADE3-47A1-8146-13D835EED107}.Debug|x86.ActiveCfg = Debug|Any CPU
		{126B0DEC-ADE3-47A1-8146-13D835EED107}.Debug|x86.Build.0 = Debug|Any CPU
		{126B0DEC-ADE3-47A1-8146-13D835EED107}.Release|Any CPU.ActiveCfg = Release|Any CPU
		{126B0DEC-ADE3-47A1-8146-13D835EED107}.Release|Any CPU.Build.0 = Release|Any CPU
		{126B0DEC-ADE3-47A1-8146-13D835EED107}.Release|x86.ActiveCfg = Release|Any CPU
		{126B0DEC-ADE3-47A1-8146-13D835EED107}.Release|x86.Build.0 = Release|Any CPU
		{64AC0FF7-2E6C-4AE8-AE4C-CAFFA97AE947}.Debug|Any CPU.ActiveCfg = Debug|Any CPU
		{64AC0FF7-2E6C-4AE8-AE4C-CAFFA97AE947}.Debug|Any CPU.Build.0 = Debug|Any CPU
		{64AC0FF7-2E6C-4AE8-AE4C-CAFFA97AE947}.Debug|x86.ActiveCfg = Debug|Any CPU
		{64AC0FF7-2E6C-4AE8-AE4C-CAFFA97AE947}.Debug|x86.Build.0 = Debug|Any CPU
		{64AC0FF7-2E6C-4AE8-AE4C-CAFFA97AE947}.Release|Any CPU.ActiveCfg = Release|Any CPU
		{64AC0FF7-2E6C-4AE8-AE4C-CAFFA97AE947}.Release|Any CPU.Build.0 = Release|Any CPU
		{64AC0FF7-2E6C-4AE8-AE4C-CAFFA97AE947}.Release|x86.ActiveCfg = Release|Any CPU
		{64AC0FF7-2E6C-4AE8-AE4C-CAFFA97AE947}.Release|x86.Build.0 = Release|Any CPU
		{334D41F8-A1A4-4B08-8463-2BF1A804EF6E}.Debug|Any CPU.ActiveCfg = Debug|Any CPU
		{334D41F8-A1A4-4B08-8463-2BF1A804EF6E}.Debug|Any CPU.Build.0 = Debug|Any CPU
		{334D41F8-A1A4-4B08-8463-2BF1A804EF6E}.Debug|x86.ActiveCfg = Debug|Any CPU
		{334D41F8-A1A4-4B08-8463-2BF1A804EF6E}.Debug|x86.Build.0 = Debug|Any CPU
		{334D41F8-A1A4-4B08-8463-2BF1A804EF6E}.Release|Any CPU.ActiveCfg = Release|Any CPU
		{334D41F8-A1A4-4B08-8463-2BF1A804EF6E}.Release|Any CPU.Build.0 = Release|Any CPU
		{334D41F8-A1A4-4B08-8463-2BF1A804EF6E}.Release|x86.ActiveCfg = Release|Any CPU
		{334D41F8-A1A4-4B08-8463-2BF1A804EF6E}.Release|x86.Build.0 = Release|Any CPU
		{A27AB06D-399C-4338-AB1D-B74757C492C0}.Debug|Any CPU.ActiveCfg = Debug|Any CPU
		{A27AB06D-399C-4338-AB1D-B74757C492C0}.Debug|Any CPU.Build.0 = Debug|Any CPU
		{A27AB06D-399C-4338-AB1D-B74757C492C0}.Debug|x86.ActiveCfg = Debug|Any CPU
		{A27AB06D-399C-4338-AB1D-B74757C492C0}.Debug|x86.Build.0 = Debug|Any CPU
		{A27AB06D-399C-4338-AB1D-B74757C492C0}.Release|Any CPU.ActiveCfg = Release|Any CPU
		{A27AB06D-399C-4338-AB1D-B74757C492C0}.Release|Any CPU.Build.0 = Release|Any CPU
		{A27AB06D-399C-4338-AB1D-B74757C492C0}.Release|x86.ActiveCfg = Release|Any CPU
		{A27AB06D-399C-4338-AB1D-B74757C492C0}.Release|x86.Build.0 = Release|Any CPU
		{46B3FFBE-7913-4069-B5DB-DC93DC45AB8C}.Debug|Any CPU.ActiveCfg = Debug|Any CPU
		{46B3FFBE-7913-4069-B5DB-DC93DC45AB8C}.Debug|Any CPU.Build.0 = Debug|Any CPU
		{46B3FFBE-7913-4069-B5DB-DC93DC45AB8C}.Debug|x86.ActiveCfg = Debug|Any CPU
		{46B3FFBE-7913-4069-B5DB-DC93DC45AB8C}.Debug|x86.Build.0 = Debug|Any CPU
		{46B3FFBE-7913-4069-B5DB-DC93DC45AB8C}.Release|Any CPU.ActiveCfg = Release|Any CPU
		{46B3FFBE-7913-4069-B5DB-DC93DC45AB8C}.Release|Any CPU.Build.0 = Release|Any CPU
		{46B3FFBE-7913-4069-B5DB-DC93DC45AB8C}.Release|x86.ActiveCfg = Release|Any CPU
		{46B3FFBE-7913-4069-B5DB-DC93DC45AB8C}.Release|x86.Build.0 = Release|Any CPU
		{3735F590-0A1E-48A1-BB1F-4ADDA921493C}.Debug|Any CPU.ActiveCfg = Debug|Any CPU
		{3735F590-0A1E-48A1-BB1F-4ADDA921493C}.Debug|Any CPU.Build.0 = Debug|Any CPU
		{3735F590-0A1E-48A1-BB1F-4ADDA921493C}.Debug|x86.ActiveCfg = Debug|Any CPU
		{3735F590-0A1E-48A1-BB1F-4ADDA921493C}.Debug|x86.Build.0 = Debug|Any CPU
		{3735F590-0A1E-48A1-BB1F-4ADDA921493C}.Release|Any CPU.ActiveCfg = Release|Any CPU
		{3735F590-0A1E-48A1-BB1F-4ADDA921493C}.Release|Any CPU.Build.0 = Release|Any CPU
		{3735F590-0A1E-48A1-BB1F-4ADDA921493C}.Release|x86.ActiveCfg = Release|Any CPU
		{3735F590-0A1E-48A1-BB1F-4ADDA921493C}.Release|x86.Build.0 = Release|Any CPU
		{2E4C3AB1-87EB-4900-A6D1-FC3AE6008D6F}.Debug|Any CPU.ActiveCfg = Debug|Any CPU
		{2E4C3AB1-87EB-4900-A6D1-FC3AE6008D6F}.Debug|Any CPU.Build.0 = Debug|Any CPU
		{2E4C3AB1-87EB-4900-A6D1-FC3AE6008D6F}.Debug|x86.ActiveCfg = Debug|Any CPU
		{2E4C3AB1-87EB-4900-A6D1-FC3AE6008D6F}.Debug|x86.Build.0 = Debug|Any CPU
		{2E4C3AB1-87EB-4900-A6D1-FC3AE6008D6F}.Release|Any CPU.ActiveCfg = Release|Any CPU
		{2E4C3AB1-87EB-4900-A6D1-FC3AE6008D6F}.Release|Any CPU.Build.0 = Release|Any CPU
		{2E4C3AB1-87EB-4900-A6D1-FC3AE6008D6F}.Release|x86.ActiveCfg = Release|Any CPU
		{2E4C3AB1-87EB-4900-A6D1-FC3AE6008D6F}.Release|x86.Build.0 = Release|Any CPU
		{22FE2B69-ACE6-45AB-B7EC-02DB8DF4D037}.Debug|Any CPU.ActiveCfg = Debug|Any CPU
		{22FE2B69-ACE6-45AB-B7EC-02DB8DF4D037}.Debug|Any CPU.Build.0 = Debug|Any CPU
		{22FE2B69-ACE6-45AB-B7EC-02DB8DF4D037}.Debug|x86.ActiveCfg = Debug|Any CPU
		{22FE2B69-ACE6-45AB-B7EC-02DB8DF4D037}.Debug|x86.Build.0 = Debug|Any CPU
		{22FE2B69-ACE6-45AB-B7EC-02DB8DF4D037}.Release|Any CPU.ActiveCfg = Release|Any CPU
		{22FE2B69-ACE6-45AB-B7EC-02DB8DF4D037}.Release|Any CPU.Build.0 = Release|Any CPU
		{22FE2B69-ACE6-45AB-B7EC-02DB8DF4D037}.Release|x86.ActiveCfg = Release|Any CPU
		{22FE2B69-ACE6-45AB-B7EC-02DB8DF4D037}.Release|x86.Build.0 = Release|Any CPU
		{25BCF667-0F7E-4D55-8E2D-3005A3FAD7FC}.Debug|Any CPU.ActiveCfg = Debug|Any CPU
		{25BCF667-0F7E-4D55-8E2D-3005A3FAD7FC}.Debug|Any CPU.Build.0 = Debug|Any CPU
		{25BCF667-0F7E-4D55-8E2D-3005A3FAD7FC}.Debug|x86.ActiveCfg = Debug|Any CPU
		{25BCF667-0F7E-4D55-8E2D-3005A3FAD7FC}.Debug|x86.Build.0 = Debug|Any CPU
		{25BCF667-0F7E-4D55-8E2D-3005A3FAD7FC}.Release|Any CPU.ActiveCfg = Release|Any CPU
		{25BCF667-0F7E-4D55-8E2D-3005A3FAD7FC}.Release|Any CPU.Build.0 = Release|Any CPU
		{25BCF667-0F7E-4D55-8E2D-3005A3FAD7FC}.Release|x86.ActiveCfg = Release|Any CPU
		{25BCF667-0F7E-4D55-8E2D-3005A3FAD7FC}.Release|x86.Build.0 = Release|Any CPU
		{C7BD0275-DFF4-48E7-AE69-B6296E71BF60}.Debug|Any CPU.ActiveCfg = Debug|Any CPU
		{C7BD0275-DFF4-48E7-AE69-B6296E71BF60}.Debug|Any CPU.Build.0 = Debug|Any CPU
		{C7BD0275-DFF4-48E7-AE69-B6296E71BF60}.Debug|x86.ActiveCfg = Debug|Any CPU
		{C7BD0275-DFF4-48E7-AE69-B6296E71BF60}.Debug|x86.Build.0 = Debug|Any CPU
		{C7BD0275-DFF4-48E7-AE69-B6296E71BF60}.Release|Any CPU.ActiveCfg = Release|Any CPU
		{C7BD0275-DFF4-48E7-AE69-B6296E71BF60}.Release|Any CPU.Build.0 = Release|Any CPU
		{C7BD0275-DFF4-48E7-AE69-B6296E71BF60}.Release|x86.ActiveCfg = Release|Any CPU
		{C7BD0275-DFF4-48E7-AE69-B6296E71BF60}.Release|x86.Build.0 = Release|Any CPU
		{83E8D18B-D59C-4CBC-BE7D-254E04437282}.Debug|Any CPU.ActiveCfg = Debug|Any CPU
		{83E8D18B-D59C-4CBC-BE7D-254E04437282}.Debug|Any CPU.Build.0 = Debug|Any CPU
		{83E8D18B-D59C-4CBC-BE7D-254E04437282}.Debug|x86.ActiveCfg = Debug|Any CPU
		{83E8D18B-D59C-4CBC-BE7D-254E04437282}.Debug|x86.Build.0 = Debug|Any CPU
		{83E8D18B-D59C-4CBC-BE7D-254E04437282}.Release|Any CPU.ActiveCfg = Release|Any CPU
		{83E8D18B-D59C-4CBC-BE7D-254E04437282}.Release|Any CPU.Build.0 = Release|Any CPU
		{83E8D18B-D59C-4CBC-BE7D-254E04437282}.Release|x86.ActiveCfg = Release|Any CPU
		{83E8D18B-D59C-4CBC-BE7D-254E04437282}.Release|x86.Build.0 = Release|Any CPU
		{5A3E27B7-7665-4D1B-A189-2FE28139B105}.Debug|Any CPU.ActiveCfg = Debug|Any CPU
		{5A3E27B7-7665-4D1B-A189-2FE28139B105}.Debug|Any CPU.Build.0 = Debug|Any CPU
		{5A3E27B7-7665-4D1B-A189-2FE28139B105}.Debug|x86.ActiveCfg = Debug|Any CPU
		{5A3E27B7-7665-4D1B-A189-2FE28139B105}.Debug|x86.Build.0 = Debug|Any CPU
		{5A3E27B7-7665-4D1B-A189-2FE28139B105}.Release|Any CPU.ActiveCfg = Release|Any CPU
		{5A3E27B7-7665-4D1B-A189-2FE28139B105}.Release|Any CPU.Build.0 = Release|Any CPU
		{5A3E27B7-7665-4D1B-A189-2FE28139B105}.Release|x86.ActiveCfg = Release|Any CPU
		{5A3E27B7-7665-4D1B-A189-2FE28139B105}.Release|x86.Build.0 = Release|Any CPU
		{754530DF-DBAD-4F08-8F40-E3F5156AB514}.Debug|Any CPU.ActiveCfg = Debug|Any CPU
		{754530DF-DBAD-4F08-8F40-E3F5156AB514}.Debug|Any CPU.Build.0 = Debug|Any CPU
		{754530DF-DBAD-4F08-8F40-E3F5156AB514}.Debug|x86.ActiveCfg = Debug|Any CPU
		{754530DF-DBAD-4F08-8F40-E3F5156AB514}.Debug|x86.Build.0 = Debug|Any CPU
		{754530DF-DBAD-4F08-8F40-E3F5156AB514}.Release|Any CPU.ActiveCfg = Release|Any CPU
		{754530DF-DBAD-4F08-8F40-E3F5156AB514}.Release|Any CPU.Build.0 = Release|Any CPU
		{754530DF-DBAD-4F08-8F40-E3F5156AB514}.Release|x86.ActiveCfg = Release|Any CPU
		{754530DF-DBAD-4F08-8F40-E3F5156AB514}.Release|x86.Build.0 = Release|Any CPU
		{108EF717-7AA0-4445-A0D0-EFEC22ED4214}.Debug|Any CPU.ActiveCfg = Debug|Any CPU
		{108EF717-7AA0-4445-A0D0-EFEC22ED4214}.Debug|Any CPU.Build.0 = Debug|Any CPU
		{108EF717-7AA0-4445-A0D0-EFEC22ED4214}.Debug|x86.ActiveCfg = Debug|Any CPU
		{108EF717-7AA0-4445-A0D0-EFEC22ED4214}.Debug|x86.Build.0 = Debug|Any CPU
		{108EF717-7AA0-4445-A0D0-EFEC22ED4214}.Release|Any CPU.ActiveCfg = Release|Any CPU
		{108EF717-7AA0-4445-A0D0-EFEC22ED4214}.Release|Any CPU.Build.0 = Release|Any CPU
		{108EF717-7AA0-4445-A0D0-EFEC22ED4214}.Release|x86.ActiveCfg = Release|Any CPU
		{108EF717-7AA0-4445-A0D0-EFEC22ED4214}.Release|x86.Build.0 = Release|Any CPU
		{CE482633-91AC-45F1-8508-79883ED188EA}.Debug|Any CPU.ActiveCfg = Debug|Any CPU
		{CE482633-91AC-45F1-8508-79883ED188EA}.Debug|Any CPU.Build.0 = Debug|Any CPU
		{CE482633-91AC-45F1-8508-79883ED188EA}.Debug|x86.ActiveCfg = Debug|Any CPU
		{CE482633-91AC-45F1-8508-79883ED188EA}.Debug|x86.Build.0 = Debug|Any CPU
		{CE482633-91AC-45F1-8508-79883ED188EA}.Release|Any CPU.ActiveCfg = Release|Any CPU
		{CE482633-91AC-45F1-8508-79883ED188EA}.Release|Any CPU.Build.0 = Release|Any CPU
		{CE482633-91AC-45F1-8508-79883ED188EA}.Release|x86.ActiveCfg = Release|Any CPU
		{CE482633-91AC-45F1-8508-79883ED188EA}.Release|x86.Build.0 = Release|Any CPU
		{EC7CA710-5E79-4C81-AA02-D9049428EC0B}.Debug|Any CPU.ActiveCfg = Debug|Any CPU
		{EC7CA710-5E79-4C81-AA02-D9049428EC0B}.Debug|Any CPU.Build.0 = Debug|Any CPU
		{EC7CA710-5E79-4C81-AA02-D9049428EC0B}.Debug|x86.ActiveCfg = Debug|Any CPU
		{EC7CA710-5E79-4C81-AA02-D9049428EC0B}.Debug|x86.Build.0 = Debug|Any CPU
		{EC7CA710-5E79-4C81-AA02-D9049428EC0B}.Release|Any CPU.ActiveCfg = Release|Any CPU
		{EC7CA710-5E79-4C81-AA02-D9049428EC0B}.Release|Any CPU.Build.0 = Release|Any CPU
		{EC7CA710-5E79-4C81-AA02-D9049428EC0B}.Release|x86.ActiveCfg = Release|Any CPU
		{EC7CA710-5E79-4C81-AA02-D9049428EC0B}.Release|x86.Build.0 = Release|Any CPU
	EndGlobalSection
	GlobalSection(SolutionProperties) = preSolution
		HideSolutionNode = FALSE
	EndGlobalSection
	GlobalSection(ExtensibilityGlobals) = postSolution
		SolutionGuid = {C7AB0F32-D1E5-4285-8CFF-409157E4BBCE}
	EndGlobalSection
EndGlobal
